
Microsoft Visual Studio Solution File, Format Version 12.00
# Visual Studio 15
VisualStudioVersion = 15.0.26730.3
MinimumVisualStudioVersion = 10.0.40219.1
Project("{888888A0-9F3D-457C-B088-3A5042F75D52}") = "Project1", "Project1\Project1.pyproj", "{EAACA10F-1262-42BC-ABE3-331A65E76FB7}"
EndProject
Global
	GlobalSection(SolutionConfigurationPlatforms) = preSolution
		Debug|Any CPU = Debug|Any CPU
		Release|Any CPU = Release|Any CPU
	EndGlobalSection
	GlobalSection(ProjectConfigurationPlatforms) = postSolution
		{EAACA10F-1262-42BC-ABE3-331A65E76FB7}.Debug|Any CPU.ActiveCfg = Debug|Any CPU
		{EAACA10F-1262-42BC-ABE3-331A65E76FB7}.Release|Any CPU.ActiveCfg = Release|Any CPU
	EndGlobalSection
	GlobalSection(SolutionProperties) = preSolution
		HideSolutionNode = FALSE
	EndGlobalSection
	GlobalSection(ExtensibilityGlobals) = postSolution
		SolutionGuid = {5B4E50A1-1DCF-4736-B43E-939CE095134B}
	EndGlobalSection
EndGlobal
