
Microsoft Visual Studio Solution File, Format Version 12.00
# Visual Studio 15
VisualStudioVersion = 15.0.26730.3
MinimumVisualStudioVersion = 10.0.40219.1
Project("{888888A0-9F3D-457C-B088-3A5042F75D52}") = "StacksAndQueues", "StacksAndQueues\StacksAndQueues.pyproj", "{3A6C0FE3-F0A3-48BE-9CFA-365DED08D408}"
EndProject
Global
	GlobalSection(SolutionConfigurationPlatforms) = preSolution
		Debug|Any CPU = Debug|Any CPU
		Release|Any CPU = Release|Any CPU
	EndGlobalSection
	GlobalSection(ProjectConfigurationPlatforms) = postSolution
		{3A6C0FE3-F0A3-48BE-9CFA-365DED08D408}.Debug|Any CPU.ActiveCfg = Debug|Any CPU
		{3A6C0FE3-F0A3-48BE-9CFA-365DED08D408}.Release|Any CPU.ActiveCfg = Release|Any CPU
	EndGlobalSection
	GlobalSection(SolutionProperties) = preSolution
		HideSolutionNode = FALSE
	EndGlobalSection
	GlobalSection(ExtensibilityGlobals) = postSolution
		SolutionGuid = {62913DD0-9F1E-475C-9321-499FEB63BF65}
	EndGlobalSection
EndGlobal
